<?xml version="1.0" encoding="utf-8"?>
<Project ToolsVersion="4.0" xmlns="http://schemas.microsoft.com/developer/msbuild/2003">
  <ItemGroup>
    <Filter Include="Source Files">
      <UniqueIdentifier>{4FC737F1-C7A5-4376-A066-2A32D752A2FF}</UniqueIdentifier>
      <Extensions>cpp;c;cc;cxx;c++;cppm;ixx;def;odl;idl;hpj;bat;asm;asmx</Extensions>
    </Filter>
    <Filter Include="Header Files">
      <UniqueIdentifier>{93995380-89BD-4b04-88EB-625FBE52EBFB}</UniqueIdentifier>
      <Extensions>h;hh;hpp;hxx;h++;hm;inl;inc;ipp;xsd</Extensions>
    </Filter>
    <Filter Include="Resource Files">
      <UniqueIdentifier>{67DA6AB6-F800-4c08-8B7A-83BB121AAD01}</UniqueIdentifier>
      <Extensions>rc;ico;cur;bmp;dlg;rc2;rct;bin;rgs;gif;jpg;jpeg;jpe;resx;tiff;tif;png;wav;mfcribbon-ms</Extensions>
    </Filter>
    <Filter Include="Source Files\Editor">
      <UniqueIdentifier>{6dcbfcf1-1c3f-43ec-86fc-6e8b63fce4ad}</UniqueIdentifier>
    </Filter>
    <Filter Include="Header Files\Editor">
      <UniqueIdentifier>{d1e68fa6-3dfc-43e6-9057-17eb1b380219}</UniqueIdentifier>
    </Filter>
  </ItemGroup>
  <ItemGroup>
    <ClCompile Include="..\scrifuco\src\DisplayElements.cpp">
      <Filter>Source Files</Filter>
    </ClCompile>
    <ClCompile Include="..\scrifuco\src\DisplaySettings.cpp">
      <Filter>Source Files</Filter>
    </ClCompile>
    <ClCompile Include="..\scrifuco\src\Library.cpp">
      <Filter>Source Files</Filter>
    </ClCompile>
    <ClCompile Include="..\scrifuco\src\Main.cpp">
      <Filter>Source Files</Filter>
    </ClCompile>
    <ClCompile Include="..\scrifuco\src\Menu.cpp">
      <Filter>Source Files</Filter>
    </ClCompile>
    <ClCompile Include="..\scrifuco\ext\SelbaWardSplines\SelbaWard\Spline.cpp">
      <Filter>Resource Files</Filter>
    </ClCompile>
    <ClCompile Include="..\scrifuco\src\Editor\EventHandlers\CommandHandler.cpp">
      <Filter>Source Files\Editor</Filter>
    </ClCompile>
    <ClCompile Include="..\scrifuco\src\Editor\Data\DataRepresentation.cpp">
      <Filter>Source Files\Editor</Filter>
    </ClCompile>
    <ClCompile Include="..\scrifuco\src\Editor\Data\DataManagement.cpp">
      <Filter>Source Files\Editor</Filter>
    </ClCompile>
    <ClCompile Include="..\scrifuco\src\Editor\Editor.cpp">
      <Filter>Source Files\Editor</Filter>
    </ClCompile>
    <ClCompile Include="..\scrifuco\src\Editor\EditorWindow.cpp">
      <Filter>Source Files\Editor</Filter>
    </ClCompile>
    <ClCompile Include="..\scrifuco\src\Editor\EventHandlers\InsertHandler.cpp">
      <Filter>Source Files\Editor</Filter>
    </ClCompile>
    <ClCompile Include="..\scrifuco\src\Editor\Data\TextCursor.cpp">
      <Filter>Source Files\Editor</Filter>
    </ClCompile>
    <ClCompile Include="..\scrifuco\src\Editor\EventHandlers\TextHandler.cpp">
      <Filter>Source Files\Editor</Filter>
    </ClCompile>
    <ClCompile Include="..\scrifuco\src\Editor\Data\FileManagement.cpp">
      <Filter>Source Files\Editor</Filter>
    </ClCompile>
  </ItemGroup>
  <ItemGroup>
    <ClInclude Include="..\scrifuco\headers\Constants.h">
      <Filter>Header Files</Filter>
    </ClInclude>
    <ClInclude Include="..\scrifuco\headers\DisplayElement.h">
      <Filter>Header Files</Filter>
    </ClInclude>
    <ClInclude Include="..\scrifuco\headers\Library.h">
      <Filter>Header Files</Filter>
    </ClInclude>
    <ClInclude Include="..\scrifuco\headers\Menu.h">
      <Filter>Header Files</Filter>
    </ClInclude>
    <ClInclude Include="..\scrifuco\headers\Settings.h">
      <Filter>Header Files</Filter>
    </ClInclude>
    <ClInclude Include="..\scrifuco\ext\SelbaWardSplines\SelbaWard\Common.hpp">
      <Filter>Resource Files</Filter>
    </ClInclude>
    <ClInclude Include="..\scrifuco\ext\SelbaWardSplines\SelbaWard\Spline.hpp">
      <Filter>Resource Files</Filter>
    </ClInclude>
    <ClInclude Include="..\scrifuco\headers\Editor\DataManagement.h">
      <Filter>Header Files\Editor</Filter>
    </ClInclude>
    <ClInclude Include="..\scrifuco\headers\Editor\DataRepresentation.h">
      <Filter>Header Files\Editor</Filter>
    </ClInclude>
    <ClInclude Include="..\scrifuco\headers\Editor\Editor.h">
      <Filter>Header Files\Editor</Filter>
    </ClInclude>
    <ClInclude Include="..\scrifuco\headers\Editor\EditorWindow.h">
      <Filter>Header Files\Editor</Filter>
    </ClInclude>
    <ClInclude Include="..\scrifuco\headers\Editor\EventHandlers.h">
      <Filter>Header Files\Editor</Filter>
    </ClInclude>
    <ClInclude Include="..\scrifuco\headers\Editor\TextCursor.h">
      <Filter>Header Files\Editor</Filter>
    </ClInclude>
  </ItemGroup>
</Project>